<?xml version="1.0" encoding="utf-8"?>
<Project ToolsVersion="4.0" xmlns="http://schemas.microsoft.com/developer/msbuild/2003">
  <ItemGroup>
    <Filter Include="소스 파일">
      <UniqueIdentifier>{4FC737F1-C7A5-4376-A066-2A32D752A2FF}</UniqueIdentifier>
      <Extensions>cpp;c;cc;cxx;c++;cppm;ixx;def;odl;idl;hpj;bat;asm;asmx</Extensions>
    </Filter>
    <Filter Include="헤더 파일">
      <UniqueIdentifier>{93995380-89BD-4b04-88EB-625FBE52EBFB}</UniqueIdentifier>
      <Extensions>h;hh;hpp;hxx;h++;hm;inl;inc;ipp;xsd</Extensions>
    </Filter>
    <Filter Include="리소스 파일">
      <UniqueIdentifier>{67DA6AB6-F800-4c08-8B7A-83BB121AAD01}</UniqueIdentifier>
      <Extensions>rc;ico;cur;bmp;dlg;rc2;rct;bin;rgs;gif;jpg;jpeg;jpe;resx;tiff;tif;png;wav;mfcribbon-ms</Extensions>
    </Filter>
    <Filter Include="소스 파일\REAL_CLASS">
      <UniqueIdentifier>{4a38ea61-f929-48c1-b46b-985892eb4474}</UniqueIdentifier>
    </Filter>
    <Filter Include="소스 파일\WORK0720">
      <UniqueIdentifier>{e010efbe-4e81-4545-8277-038db869720a}</UniqueIdentifier>
    </Filter>
    <Filter Include="소스 파일\REAL_CLASS\0721">
      <UniqueIdentifier>{de8f02dd-c7c7-4ea1-b47e-c1f43c7d1819}</UniqueIdentifier>
    </Filter>
    <Filter Include="소스 파일\REAL_CLASS\0722">
      <UniqueIdentifier>{9ce23a31-063c-4fbb-bc9f-77a3d407d591}</UniqueIdentifier>
    </Filter>
    <Filter Include="소스 파일\REAL_CLASS\0723">
      <UniqueIdentifier>{87798861-5fc7-49a1-9c06-984b19f8b4fa}</UniqueIdentifier>
    </Filter>
    <Filter Include="소스 파일\REAL_CLASS\0724">
      <UniqueIdentifier>{bb59c0df-a53c-4e47-ac66-6eeb5a60b94f}</UniqueIdentifier>
    </Filter>
  </ItemGroup>
  <ItemGroup>
    <ClCompile Include="test.cpp">
      <Filter>소스 파일</Filter>
    </ClCompile>
    <ClCompile Include="test1.cpp">
      <Filter>소스 파일</Filter>
    </ClCompile>
    <ClCompile Include="realTest.cpp">
      <Filter>소스 파일</Filter>
    </ClCompile>
    <ClCompile Include="week1_work0.cpp">
      <Filter>소스 파일</Filter>
    </ClCompile>
    <ClCompile Include="week1_work1.cpp">
      <Filter>소스 파일</Filter>
    </ClCompile>
    <ClCompile Include="week1_work2.cpp">
      <Filter>소스 파일</Filter>
    </ClCompile>
    <ClCompile Include="week1_work3.cpp">
      <Filter>소스 파일</Filter>
    </ClCompile>
    <ClCompile Include="week1_work4.cpp">
      <Filter>소스 파일</Filter>
    </ClCompile>
    <ClCompile Include="week2_work0.cpp">
      <Filter>소스 파일</Filter>
    </ClCompile>
    <ClCompile Include="week2_work1.cpp">
      <Filter>소스 파일</Filter>
    </ClCompile>
    <ClCompile Include="week2_work2.cpp">
      <Filter>소스 파일</Filter>
    </ClCompile>
    <ClCompile Include="week2_work3.cpp">
      <Filter>소스 파일</Filter>
    </ClCompile>
    <ClCompile Include="week2_work4.cpp">
      <Filter>소스 파일</Filter>
    </ClCompile>
    <ClCompile Include="week2_work5.cpp">
      <Filter>소스 파일</Filter>
    </ClCompile>
    <ClCompile Include="week2_work6.cpp">
      <Filter>소스 파일</Filter>
    </ClCompile>
    <ClCompile Include="week2_work6-1.cpp">
      <Filter>소스 파일</Filter>
    </ClCompile>
    <ClCompile Include="week2_work10.cpp">
      <Filter>소스 파일</Filter>
    </ClCompile>
    <ClCompile Include="RSP.cpp">
      <Filter>소스 파일</Filter>
    </ClCompile>
    <ClCompile Include="week3_class2.cpp">
      <Filter>소스 파일</Filter>
    </ClCompile>
    <ClCompile Include="week3_class0.cpp">
      <Filter>소스 파일</Filter>
    </ClCompile>
    <ClCompile Include="week3_class1.cpp">
      <Filter>소스 파일</Filter>
    </ClCompile>
    <ClCompile Include="0716-0.cpp">
      <Filter>소스 파일\REAL_CLASS</Filter>
    </ClCompile>
    <ClCompile Include="0716-1.cpp">
      <Filter>소스 파일\REAL_CLASS</Filter>
    </ClCompile>
    <ClCompile Include="mergesort.cpp">
      <Filter>소스 파일\REAL_CLASS</Filter>
    </ClCompile>
    <ClCompile Include="hashtable.cpp">
      <Filter>소스 파일\REAL_CLASS</Filter>
    </ClCompile>
    <ClCompile Include="0720-0.cpp">
      <Filter>소스 파일\REAL_CLASS</Filter>
    </ClCompile>
    <ClCompile Include="operator.cpp">
      <Filter>소스 파일\REAL_CLASS</Filter>
    </ClCompile>
    <ClCompile Include="increase.cpp">
      <Filter>소스 파일\REAL_CLASS</Filter>
    </ClCompile>
    <ClCompile Include="money.cpp">
      <Filter>소스 파일\REAL_CLASS</Filter>
    </ClCompile>
    <ClCompile Include="condition.cpp">
      <Filter>소스 파일\REAL_CLASS</Filter>
    </ClCompile>
    <ClCompile Include="recycle.cpp">
      <Filter>소스 파일\REAL_CLASS</Filter>
    </ClCompile>
    <ClCompile Include="greedy.cpp">
      <Filter>소스 파일\REAL_CLASS</Filter>
    </ClCompile>
    <ClCompile Include="1.cpp">
      <Filter>소스 파일\REAL_CLASS</Filter>
    </ClCompile>
    <ClCompile Include="problem1.cpp">
      <Filter>소스 파일\WORK0720</Filter>
    </ClCompile>
    <ClCompile Include="typeChange.cpp">
      <Filter>소스 파일\WORK0720</Filter>
    </ClCompile>
    <ClCompile Include="vector.cpp">
      <Filter>소스 파일\REAL_CLASS\0721</Filter>
    </ClCompile>
    <ClCompile Include="function_return_and_cout.cpp">
      <Filter>소스 파일\REAL_CLASS\0721</Filter>
    </ClCompile>
    <ClCompile Include="recursion.cpp">
      <Filter>소스 파일\REAL_CLASS\0721</Filter>
    </ClCompile>
    <ClCompile Include="callBy.cpp">
      <Filter>소스 파일\REAL_CLASS\0721</Filter>
    </ClCompile>
    <ClCompile Include="callBytest.cpp">
      <Filter>소스 파일\REAL_CLASS\0721</Filter>
    </ClCompile>
    <ClCompile Include="pointer.cpp">
      <Filter>소스 파일\REAL_CLASS\0721</Filter>
    </ClCompile>
    <ClCompile Include="pointer2.cpp">
      <Filter>소스 파일\REAL_CLASS</Filter>
    </ClCompile>
    <ClCompile Include="bosslaid.cpp">
      <Filter>소스 파일\REAL_CLASS\0721</Filter>
    </ClCompile>
    <ClCompile Include="rand.cpp">
      <Filter>소스 파일\REAL_CLASS\0722</Filter>
    </ClCompile>
    <ClCompile Include="rpg.cpp">
      <Filter>소스 파일\REAL_CLASS\0722</Filter>
    </ClCompile>
    <ClCompile Include="rixrpg.cpp">
      <Filter>소스 파일\REAL_CLASS\0722</Filter>
    </ClCompile>
    <ClCompile Include="array.cpp">
      <Filter>소스 파일\REAL_CLASS\0723</Filter>
    </ClCompile>
    <ClCompile Include="testarray.cpp">
      <Filter>소스 파일\REAL_CLASS\0723</Filter>
    </ClCompile>
    <ClCompile Include="baseball.cpp">
      <Filter>소스 파일\REAL_CLASS\0723</Filter>
    </ClCompile>
    <ClCompile Include="c.cpp">
      <Filter>소스 파일\REAL_CLASS</Filter>
    </ClCompile>
    <ClCompile Include="pyramidStar.cpp">
      <Filter>소스 파일</Filter>
    </ClCompile>
    <ClCompile Include="reversepyramidStar.cpp">
      <Filter>소스 파일</Filter>
    </ClCompile>
    <ClCompile Include="Monster.cpp">
      <Filter>소스 파일\REAL_CLASS\0724</Filter>
    </ClCompile>
    <ClCompile Include="makebaseball.cpp">
      <Filter>소스 파일\REAL_CLASS\0723</Filter>
    </ClCompile>
    <ClCompile Include="string.cpp">
      <Filter>소스 파일\REAL_CLASS\0724</Filter>
    </ClCompile>
    <ClCompile Include="testString.cpp">
      <Filter>소스 파일\REAL_CLASS\0724</Filter>
    </ClCompile>
  </ItemGroup>
  <ItemGroup>
    <ClInclude Include="Monster.h">
      <Filter>소스 파일\REAL_CLASS\0724</Filter>
    </ClInclude>
  </ItemGroup>
</Project>